
Microsoft Visual Studio Solution File, Format Version 12.00
# Visual Studio Version 17
VisualStudioVersion = 17.9.34607.119
MinimumVisualStudioVersion = 10.0.40219.1
Project("{FAE04EC0-301F-11D3-BF4B-00C04F79EFBC}") = "FirefoxSearch", "FirefoxSearch\FirefoxSearch.csproj", "{8B1A5E45-F3B9-4E5B-8651-5C0EAEDA3F6A}"
EndProject
Global
	GlobalSection(SolutionConfigurationPlatforms) = preSolution
		Debug|ARM64 = Debug|ARM64
		Debug|x64 = Debug|x64
		Release|ARM64 = Release|ARM64
		Release|x64 = Release|x64
	EndGlobalSection
	GlobalSection(ProjectConfigurationPlatforms) = postSolution
		{8B1A5E45-F3B9-4E5B-8651-5C0EAEDA3F6A}.Debug|ARM64.ActiveCfg = Debug|ARM64
		{8B1A5E45-F3B9-4E5B-8651-5C0EAEDA3F6A}.Debug|ARM64.Build.0 = Debug|ARM64
		{8B1A5E45-F3B9-4E5B-8651-5C0EAEDA3F6A}.Debug|x64.ActiveCfg = Debug|x64
		{8B1A5E45-F3B9-4E5B-8651-5C0EAEDA3F6A}.Debug|x64.Build.0 = Debug|x64
		{8B1A5E45-F3B9-4E5B-8651-5C0EAEDA3F6A}.Release|ARM64.ActiveCfg = Release|ARM64
		{8B1A5E45-F3B9-4E5B-8651-5C0EAEDA3F6A}.Release|ARM64.Build.0 = Release|ARM64
		{8B1A5E45-F3B9-4E5B-8651-5C0EAEDA3F6A}.Release|x64.ActiveCfg = Release|x64
		{8B1A5E45-F3B9-4E5B-8651-5C0EAEDA3F6A}.Release|x64.Build.0 = Release|x64
	EndGlobalSection
	GlobalSection(SolutionProperties) = preSolution
		HideSolutionNode = FALSE
	EndGlobalSection
	GlobalSection(ExtensibilityGlobals) = postSolution
		SolutionGuid = {81CD6ABB-148A-47E5-856F-1810E4059390}
	EndGlobalSection
EndGlobal
